
Microsoft Visual Studio Solution File, Format Version 12.00
# Visual Studio Version 16
VisualStudioVersion = 16.0.31025.218
MinimumVisualStudioVersion = 10.0.40219.1
Project("{FAE04EC0-301F-11D3-BF4B-00C04F79EFBC}") = "DotNet6.Web", "DotNet6.Web\DotNet6.Web.csproj", "{B42E610B-0AEC-4448-82B0-55DD2963323A}"
EndProject
Global
	GlobalSection(SolutionConfigurationPlatforms) = preSolution
		Debug|Any CPU = Debug|Any CPU
		Release|Any CPU = Release|Any CPU
	EndGlobalSection
	GlobalSection(ProjectConfigurationPlatforms) = postSolution
		{B42E610B-0AEC-4448-82B0-55DD2963323A}.Debug|Any CPU.ActiveCfg = Debug|Any CPU
		{B42E610B-0AEC-4448-82B0-55DD2963323A}.Debug|Any CPU.Build.0 = Debug|Any CPU
		{B42E610B-0AEC-4448-82B0-55DD2963323A}.Release|Any CPU.ActiveCfg = Release|Any CPU
		{B42E610B-0AEC-4448-82B0-55DD2963323A}.Release|Any CPU.Build.0 = Release|Any CPU
	EndGlobalSection
	GlobalSection(SolutionProperties) = preSolution
		HideSolutionNode = FALSE
	EndGlobalSection
	GlobalSection(ExtensibilityGlobals) = postSolution
		SolutionGuid = {2B2BBD7B-35C0-48B2-955B-68042A02A6B9}
	EndGlobalSection
EndGlobal
